
Microsoft Visual Studio Solution File, Format Version 12.00
# Visual Studio Version 16
VisualStudioVersion = 16.0.32228.343
MinimumVisualStudioVersion = 10.0.40219.1
Project("{9A19103F-16F7-4668-BE54-9A1E7A4F7556}") = "Students", "Students\Students.csproj", "{01B28D3E-FCDB-4A66-9486-01FC380E5FB1}"
EndProject
Global
	GlobalSection(SolutionConfigurationPlatforms) = preSolution
		Debug|Any CPU = Debug|Any CPU
		Release|Any CPU = Release|Any CPU
	EndGlobalSection
	GlobalSection(ProjectConfigurationPlatforms) = postSolution
		{01B28D3E-FCDB-4A66-9486-01FC380E5FB1}.Debug|Any CPU.ActiveCfg = Debug|Any CPU
		{01B28D3E-FCDB-4A66-9486-01FC380E5FB1}.Debug|Any CPU.Build.0 = Debug|Any CPU
		{01B28D3E-FCDB-4A66-9486-01FC380E5FB1}.Release|Any CPU.ActiveCfg = Release|Any CPU
		{01B28D3E-FCDB-4A66-9486-01FC380E5FB1}.Release|Any CPU.Build.0 = Release|Any CPU
	EndGlobalSection
	GlobalSection(SolutionProperties) = preSolution
		HideSolutionNode = FALSE
	EndGlobalSection
	GlobalSection(ExtensibilityGlobals) = postSolution
		SolutionGuid = {D4F1136F-A70D-44D5-B13D-5AEC546265B5}
	EndGlobalSection
EndGlobal
