
Microsoft Visual Studio Solution File, Format Version 12.00
# Visual Studio Version 16
VisualStudioVersion = 16.0.32228.343
MinimumVisualStudioVersion = 10.0.40219.1
Project("{FAE04EC0-301F-11D3-BF4B-00C04F79EFBC}") = "Students", "Students\Students.csproj", "{292D6EF8-B7E4-4E2E-9CE2-70D877282437}"
EndProject
Global
	GlobalSection(SolutionConfigurationPlatforms) = preSolution
		Debug|Any CPU = Debug|Any CPU
		Release|Any CPU = Release|Any CPU
	EndGlobalSection
	GlobalSection(ProjectConfigurationPlatforms) = postSolution
		{292D6EF8-B7E4-4E2E-9CE2-70D877282437}.Debug|Any CPU.ActiveCfg = Debug|Any CPU
		{292D6EF8-B7E4-4E2E-9CE2-70D877282437}.Debug|Any CPU.Build.0 = Debug|Any CPU
		{292D6EF8-B7E4-4E2E-9CE2-70D877282437}.Release|Any CPU.ActiveCfg = Release|Any CPU
		{292D6EF8-B7E4-4E2E-9CE2-70D877282437}.Release|Any CPU.Build.0 = Release|Any CPU
	EndGlobalSection
	GlobalSection(SolutionProperties) = preSolution
		HideSolutionNode = FALSE
	EndGlobalSection
	GlobalSection(ExtensibilityGlobals) = postSolution
		SolutionGuid = {D4F1136F-A70D-44D5-B13D-5AEC546265B5}
	EndGlobalSection
EndGlobal
